PODS:
  - Bugsnag (5.15.4)
  - JGProgressHUD (2.0.3)
  - Masonry (1.1.0)
  - MMMaterialDesignSpinner (0.2.5)
  - PLPlayerKit (3.4.1):
    - PLPlayerKit/iphoneos (= 3.4.1)
  - PLPlayerKit/iphoneos (3.4.1)
  - QNRTCKit (3.0.2):
    - QNRTCKit/Core (= 3.0.2)
  - QNRTCKit/Core (3.0.2)
  - SVProgressHUD (2.2.5)

DEPENDENCIES:
  - Bugsnag (= 5.15.4)
  - JGProgressHUD (= 2.0.3)
  - Masonry (= 1.1.0)
  - MMMaterialDesignSpinner (= 0.2.5)
  - PLPlayerKit (= 3.4.1)
  - QNRTCKit (~> 3.0.2)
  - SVProgressHUD

SPEC REPOS:
  trunk:
    - Bugsnag
    - JGProgressHUD
    - Masonry
    - MMMaterialDesignSpinner
    - PLPlayerKit
    - QNRTCKit
    - SVProgressHUD

SPEC CHECKSUMS:
  Bugsnag: df1d395695ddf795aa35c23ef4eaef4a04ddcffd
  JGProgressHUD: 12b20a8f4ffe05258f8635c1ab92816e451f904d
  Masonry: 678fab65091a9290e40e2832a55e7ab731aad201
  MMMaterialDesignSpinner: a548042720c2e5f04212048483085d7942ac3e81
  PLPlayerKit: ebec9d70b66a95d1770b2dc5107fe2a469454a28
  QNRTCKit: 8e39a3d0f80cae7aec40618e14510b347f42dc96
  SVProgressHUD: 1428aafac632c1f86f62aa4243ec12008d7a51d6

PODFILE CHECKSUM: 3eef6f5303af1293f2d94012c08752c8e9cad3ed

COCOAPODS: 1.9.3
