// !$*UTF8*$!
{
	archiveVersion = 1;
	classes = {
	};
	objectVersion = 48;
	objects = {

/* Begin PBXBuildFile section */
		2D4987702552BF2D00A2629D /* CoreML.framework in Frameworks */ = {isa = PBXBuildFile; fileRef = 2D49876F2552BF2D00A2629D /* CoreML.framework */; settings = {ATTRIBUTES = (Weak, ); }; };
		2DC96005288E486B00A80478 /* FUViewModel.m in Sources */ = {isa = PBXBuildFile; fileRef = 2DC95FB1288E486B00A80478 /* FUViewModel.m */; };
		2DC96006288E486B00A80478 /* FUBeautySkinViewModel.m in Sources */ = {isa = PBXBuildFile; fileRef = 2DC95FB2288E486B00A80478 /* FUBeautySkinViewModel.m */; };
		2DC96007288E486B00A80478 /* FUBeautyShapeViewModel.m in Sources */ = {isa = PBXBuildFile; fileRef = 2DC95FB3288E486B00A80478 /* FUBeautyShapeViewModel.m */; };
		2DC96008288E486B00A80478 /* FUStickerViewModel.m in Sources */ = {isa = PBXBuildFile; fileRef = 2DC95FBA288E486B00A80478 /* FUStickerViewModel.m */; };
		2DC96009288E486B00A80478 /* FUMakeupViewModel.m in Sources */ = {isa = PBXBuildFile; fileRef = 2DC95FBC288E486B00A80478 /* FUMakeupViewModel.m */; };
		2DC9600A288E486B00A80478 /* FUFilterViewModel.m in Sources */ = {isa = PBXBuildFile; fileRef = 2DC95FBD288E486B00A80478 /* FUFilterViewModel.m */; };
		2DC9600B288E486B00A80478 /* FUBeautyBodyViewModel.m in Sources */ = {isa = PBXBuildFile; fileRef = 2DC95FBE288E486B00A80478 /* FUBeautyBodyViewModel.m */; };
		2DC9600C288E486B00A80478 /* FUDemoManager.m in Sources */ = {isa = PBXBuildFile; fileRef = 2DC95FC0288E486B00A80478 /* FUDemoManager.m */; };
		2DC9600D288E486C00A80478 /* FUTestRecorder.m in Sources */ = {isa = PBXBuildFile; fileRef = 2DC95FC4288E486B00A80478 /* FUTestRecorder.m */; };
		2DC9600E288E486C00A80478 /* FUBeautyShapeModel.m in Sources */ = {isa = PBXBuildFile; fileRef = 2DC95FC7288E486B00A80478 /* FUBeautyShapeModel.m */; };
		2DC9600F288E486C00A80478 /* FUBeautySkinModel.m in Sources */ = {isa = PBXBuildFile; fileRef = 2DC95FC8288E486B00A80478 /* FUBeautySkinModel.m */; };
		2DC96010288E486C00A80478 /* FUBeautyBodyModel.m in Sources */ = {isa = PBXBuildFile; fileRef = 2DC95FC9288E486B00A80478 /* FUBeautyBodyModel.m */; };
		2DC96011288E486C00A80478 /* FUFilterModel.m in Sources */ = {isa = PBXBuildFile; fileRef = 2DC95FCA288E486B00A80478 /* FUFilterModel.m */; };
		2DC96012288E486C00A80478 /* FUModel.m in Sources */ = {isa = PBXBuildFile; fileRef = 2DC95FCE288E486B00A80478 /* FUModel.m */; };
		2DC96013288E486C00A80478 /* FUStickerModel.m in Sources */ = {isa = PBXBuildFile; fileRef = 2DC95FD2288E486B00A80478 /* FUStickerModel.m */; };
		2DC96014288E486C00A80478 /* FUMakeupModel.m in Sources */ = {isa = PBXBuildFile; fileRef = 2DC95FD3288E486B00A80478 /* FUMakeupModel.m */; };
		2DC96015288E486C00A80478 /* FUInsetsLabel.m in Sources */ = {isa = PBXBuildFile; fileRef = 2DC95FD5288E486B00A80478 /* FUInsetsLabel.m */; };
		2DC96016288E486C00A80478 /* FUSlider.m in Sources */ = {isa = PBXBuildFile; fileRef = 2DC95FD8288E486B00A80478 /* FUSlider.m */; };
		2DC96017288E486C00A80478 /* FUSquareButton.m in Sources */ = {isa = PBXBuildFile; fileRef = 2DC95FDA288E486B00A80478 /* FUSquareButton.m */; };
		2DC96018288E486C00A80478 /* FUOthersFunctionView.m in Sources */ = {isa = PBXBuildFile; fileRef = 2DC95FDC288E486B00A80478 /* FUOthersFunctionView.m */; };
		2DC96019288E486C00A80478 /* FUSegmentBar.m in Sources */ = {isa = PBXBuildFile; fileRef = 2DC95FDD288E486B00A80478 /* FUSegmentBar.m */; };
		2DC9601A288E486C00A80478 /* FUFunctionView.m in Sources */ = {isa = PBXBuildFile; fileRef = 2DC95FE0288E486B00A80478 /* FUFunctionView.m */; };
		2DC9601B288E486C00A80478 /* FUBeautyFunctionView.m in Sources */ = {isa = PBXBuildFile; fileRef = 2DC95FE1288E486B00A80478 /* FUBeautyFunctionView.m */; };
		2DC9601C288E486C00A80478 /* FUTipHUD.m in Sources */ = {isa = PBXBuildFile; fileRef = 2DC95FE3288E486B00A80478 /* FUTipHUD.m */; };
		2DC9601D288E486C00A80478 /* FaceUnity.strings in Resources */ = {isa = PBXBuildFile; fileRef = 2DC95FE7288E486B00A80478 /* FaceUnity.strings */; };
		2DC9601E288E486C00A80478 /* oumei.bundle in Resources */ = {isa = PBXBuildFile; fileRef = 2DC95FEA288E486B00A80478 /* oumei.bundle */; };
		2DC9601F288E486C00A80478 /* Rose.bundle in Resources */ = {isa = PBXBuildFile; fileRef = 2DC95FEB288E486B00A80478 /* Rose.bundle */; };
		2DC96020288E486C00A80478 /* linjia.bundle in Resources */ = {isa = PBXBuildFile; fileRef = 2DC95FEC288E486B00A80478 /* linjia.bundle */; };
		2DC96021288E486C00A80478 /* yanshimao.bundle in Resources */ = {isa = PBXBuildFile; fileRef = 2DC95FED288E486B00A80478 /* yanshimao.bundle */; };
		2DC96022288E486C00A80478 /* tianmei.bundle in Resources */ = {isa = PBXBuildFile; fileRef = 2DC95FEE288E486B00A80478 /* tianmei.bundle */; };
		2DC96023288E486C00A80478 /* ziyun.bundle in Resources */ = {isa = PBXBuildFile; fileRef = 2DC95FEF288E486B00A80478 /* ziyun.bundle */; };
		2DC96024288E486C00A80478 /* chaomo.bundle in Resources */ = {isa = PBXBuildFile; fileRef = 2DC95FF0288E486B00A80478 /* chaomo.bundle */; };
		2DC96025288E486C00A80478 /* hongfeng.bundle in Resources */ = {isa = PBXBuildFile; fileRef = 2DC95FF1288E486B00A80478 /* hongfeng.bundle */; };
		2DC96026288E486C00A80478 /* jianling.bundle in Resources */ = {isa = PBXBuildFile; fileRef = 2DC95FF2288E486B00A80478 /* jianling.bundle */; };
		2DC96027288E486C00A80478 /* gangfeng.bundle in Resources */ = {isa = PBXBuildFile; fileRef = 2DC95FF3288E486B00A80478 /* gangfeng.bundle */; };
		2DC96028288E486C00A80478 /* chuju.bundle in Resources */ = {isa = PBXBuildFile; fileRef = 2DC95FF4288E486B00A80478 /* chuju.bundle */; };
		2DC96029288E486C00A80478 /* renyu.bundle in Resources */ = {isa = PBXBuildFile; fileRef = 2DC95FF5288E486B00A80478 /* renyu.bundle */; };
		2DC9602A288E486C00A80478 /* qianzhihe.bundle in Resources */ = {isa = PBXBuildFile; fileRef = 2DC95FF6288E486B00A80478 /* qianzhihe.bundle */; };
		2DC9602B288E486C00A80478 /* wumei.bundle in Resources */ = {isa = PBXBuildFile; fileRef = 2DC95FF7288E486B00A80478 /* wumei.bundle */; };
		2DC9602C288E486C00A80478 /* shaonv.bundle in Resources */ = {isa = PBXBuildFile; fileRef = 2DC95FF8288E486B00A80478 /* shaonv.bundle */; };
		2DC9602D288E486C00A80478 /* chuqiu.bundle in Resources */ = {isa = PBXBuildFile; fileRef = 2DC95FF9288E486B00A80478 /* chuqiu.bundle */; };
		2DC9602E288E486C00A80478 /* nuandong.bundle in Resources */ = {isa = PBXBuildFile; fileRef = 2DC95FFA288E486B00A80478 /* nuandong.bundle */; };
		2DC9602F288E486C00A80478 /* xinggan.bundle in Resources */ = {isa = PBXBuildFile; fileRef = 2DC95FFB288E486B00A80478 /* xinggan.bundle */; };
		2DC96030288E486C00A80478 /* FaceUnity.xcassets in Resources */ = {isa = PBXBuildFile; fileRef = 2DC95FFD288E486B00A80478 /* FaceUnity.xcassets */; };
		2DC96031288E486C00A80478 /* fashi.bundle in Resources */ = {isa = PBXBuildFile; fileRef = 2DC95FFF288E486B00A80478 /* fashi.bundle */; };
		2DC96032288E486C00A80478 /* sdlu.bundle in Resources */ = {isa = PBXBuildFile; fileRef = 2DC96000288E486B00A80478 /* sdlu.bundle */; };
		2DC96033288E486C00A80478 /* xueqiu_lm_fu.bundle in Resources */ = {isa = PBXBuildFile; fileRef = 2DC96001288E486B00A80478 /* xueqiu_lm_fu.bundle */; };
		2DC96034288E486C00A80478 /* DaisyPig.bundle in Resources */ = {isa = PBXBuildFile; fileRef = 2DC96002288E486B00A80478 /* DaisyPig.bundle */; };
		2DC96035288E486C00A80478 /* FUManager.m in Sources */ = {isa = PBXBuildFile; fileRef = 2DC96003288E486B00A80478 /* FUManager.m */; };
		5029EC5434AD3A66D8A128FD /* libPods-QNRTCKitDemo.a in Frameworks */ = {isa = PBXBuildFile; fileRef = D8BB45036542B95EF652274E /* libPods-QNRTCKitDemo.a */; };
		764940AF212507370025ED41 /* QRDMergeInfo.m in Sources */ = {isa = PBXBuildFile; fileRef = 764940AE212507370025ED41 /* QRDMergeInfo.m */; };
		76EB7FFC2122B624001D6EA5 /* launchImage@2x.jpg in Resources */ = {isa = PBXBuildFile; fileRef = 76EB7FFB2122B624001D6EA5 /* launchImage@2x.jpg */; };
		9C55F1AB24938DB600C2063F /* QRDMergeSettingView.m in Sources */ = {isa = PBXBuildFile; fileRef = 9C55F1AA24938DB600C2063F /* QRDMergeSettingView.m */; };
		9C55F1AE24938E1100C2063F /* QRDPlayerViewController.m in Sources */ = {isa = PBXBuildFile; fileRef = 9C55F1AC24938E1100C2063F /* QRDPlayerViewController.m */; };
		B06DBBD120F6270E009AE9F9 /* ReplayKit.framework in Frameworks */ = {isa = PBXBuildFile; fileRef = B06DBBCF20F6270E009AE9F9 /* ReplayKit.framework */; settings = {ATTRIBUTES = (Weak, ); }; };
		B0769C6F1FBA97100051F9C2 /* VideoToolbox.framework in Frameworks */ = {isa = PBXBuildFile; fileRef = B0769C6E1FBA97090051F9C2 /* VideoToolbox.framework */; };
		B0769C751FBADAFD0051F9C2 /* GLKit.framework in Frameworks */ = {isa = PBXBuildFile; fileRef = B0769C741FBADAF70051F9C2 /* GLKit.framework */; };
		B07BB0C72064E61D009218C1 /* user_agreement.html in Resources */ = {isa = PBXBuildFile; fileRef = B07BB0C62064E61C009218C1 /* user_agreement.html */; };
		B07BB0CB2064E670009218C1 /* QRDAgreementViewController.m in Sources */ = {isa = PBXBuildFile; fileRef = B07BB0C82064E670009218C1 /* QRDAgreementViewController.m */; };
		B07BB0CC2064E670009218C1 /* QRDAgreementViewController.xib in Resources */ = {isa = PBXBuildFile; fileRef = B07BB0C92064E670009218C1 /* QRDAgreementViewController.xib */; };
		B0A335DD20D2CF6F00098E94 /* QRDScreenRecorderViewController.m in Sources */ = {isa = PBXBuildFile; fileRef = B0A335DC20D2CF6F00098E94 /* QRDScreenRecorderViewController.m */; };
		B0A335E420D2E39600098E94 /* QRDMicrophoneSource.m in Sources */ = {isa = PBXBuildFile; fileRef = B0A335E220D2E39500098E94 /* QRDMicrophoneSource.m */; };
		B0C660591F94F98300999C9F /* AppDelegate.m in Sources */ = {isa = PBXBuildFile; fileRef = B0C660581F94F98300999C9F /* AppDelegate.m */; };
		B0C660621F94F98300999C9F /* Main.storyboard in Resources */ = {isa = PBXBuildFile; fileRef = B0C660601F94F98300999C9F /* Main.storyboard */; };
		B0C660641F94F98300999C9F /* Assets.xcassets in Resources */ = {isa = PBXBuildFile; fileRef = B0C660631F94F98300999C9F /* Assets.xcassets */; };
		B0C660671F94F98300999C9F /* LaunchScreen.storyboard in Resources */ = {isa = PBXBuildFile; fileRef = B0C660651F94F98300999C9F /* LaunchScreen.storyboard */; };
		B0C6606A1F94F98300999C9F /* main.m in Sources */ = {isa = PBXBuildFile; fileRef = B0C660691F94F98300999C9F /* main.m */; };
		BC0F652921B7708C006C1A0B /* UIView+Alert.m in Sources */ = {isa = PBXBuildFile; fileRef = BC0F652721B7708C006C1A0B /* UIView+Alert.m */; };
		BC0F653A21B78257006C1A0B /* QRDNetworkUtil.m in Sources */ = {isa = PBXBuildFile; fileRef = BC0F653921B78257006C1A0B /* QRDNetworkUtil.m */; };
		BC0F654121B7A371006C1A0B /* QRDBaseViewController.m in Sources */ = {isa = PBXBuildFile; fileRef = BC0F653C21B7A371006C1A0B /* QRDBaseViewController.m */; };
		BC0F654221B7A371006C1A0B /* QRDScreenMainViewController.m in Sources */ = {isa = PBXBuildFile; fileRef = BC0F653D21B7A371006C1A0B /* QRDScreenMainViewController.m */; };
		BC0F654321B7A371006C1A0B /* QRDUserView.m in Sources */ = {isa = PBXBuildFile; fileRef = BC0F654021B7A371006C1A0B /* QRDUserView.m */; };
		BC0F654E21B80CFB006C1A0B /* noChoose@3x.png in Resources */ = {isa = PBXBuildFile; fileRef = BC0F654B21B80CFB006C1A0B /* noChoose@3x.png */; };
		BC0F654F21B80CFB006C1A0B /* noChoose@2x.png in Resources */ = {isa = PBXBuildFile; fileRef = BC0F654D21B80CFB006C1A0B /* noChoose@2x.png */; };
		BC0F655621B80D71006C1A0B /* set_back@3x.png in Resources */ = {isa = PBXBuildFile; fileRef = BC0F655421B80D71006C1A0B /* set_back@3x.png */; };
		BC0F655721B80D71006C1A0B /* set_back@2x.png in Resources */ = {isa = PBXBuildFile; fileRef = BC0F655521B80D71006C1A0B /* set_back@2x.png */; };
		BC99862121C8E7D3000E8942 /* QRDPureAudioViewController.m in Sources */ = {isa = PBXBuildFile; fileRef = BC99862021C8E7D3000E8942 /* QRDPureAudioViewController.m */; };
		C30F0F83200F416500A2A1CA /* QRDSettingViewController.m in Sources */ = {isa = PBXBuildFile; fileRef = C30F0F82200F416500A2A1CA /* QRDSettingViewController.m */; };
		C30F0F8D200F58EF00A2A1CA /* QRDJoinRoomView.m in Sources */ = {isa = PBXBuildFile; fileRef = C30F0F8A200F58EF00A2A1CA /* QRDJoinRoomView.m */; };
		C30F0F8E200F58EF00A2A1CA /* QRDUserNameView.m in Sources */ = {isa = PBXBuildFile; fileRef = C30F0F8C200F58EF00A2A1CA /* QRDUserNameView.m */; };
		C30F0F91200F590C00A2A1CA /* QRDSettingView.m in Sources */ = {isa = PBXBuildFile; fileRef = C30F0F90200F590C00A2A1CA /* QRDSettingView.m */; };
		C30F0F98201033BD00A2A1CA /* QRDRTCViewController.m in Sources */ = {isa = PBXBuildFile; fileRef = C30F0F97201033BD00A2A1CA /* QRDRTCViewController.m */; };
		C3F800C8200E012A00ECDDC9 /* QRDLoginViewController.m in Sources */ = {isa = PBXBuildFile; fileRef = C3F800C7200E012A00ECDDC9 /* QRDLoginViewController.m */; };
/* End PBXBuildFile section */

/* Begin PBXCopyFilesBuildPhase section */
		9C2CA2382519D8AA003203C7 /* CopyFiles */ = {
			isa = PBXCopyFilesBuildPhase;
			buildActionMask = 2147483647;
			dstPath = "";
			dstSubfolderSpec = 10;
			files = (
			);
			runOnlyForDeploymentPostprocessing = 0;
		};
		B04AF0921F9652FB009BAFEF /* Embed Frameworks */ = {
			isa = PBXCopyFilesBuildPhase;
			buildActionMask = 2147483647;
			dstPath = "";
			dstSubfolderSpec = 10;
			files = (
			);
			name = "Embed Frameworks";
			runOnlyForDeploymentPostprocessing = 0;
		};
/* End PBXCopyFilesBuildPhase section */

/* Begin PBXFileReference section */
		2D49876F2552BF2D00A2629D /* CoreML.framework */ = {isa = PBXFileReference; lastKnownFileType = wrapper.framework; name = CoreML.framework; path = System/Library/Frameworks/CoreML.framework; sourceTree = SDKROOT; };
		2DC95FB1288E486B00A80478 /* FUViewModel.m */ = {isa = PBXFileReference; fileEncoding = 4; lastKnownFileType = sourcecode.c.objc; path = FUViewModel.m; sourceTree = "<group>"; };
		2DC95FB2288E486B00A80478 /* FUBeautySkinViewModel.m */ = {isa = PBXFileReference; fileEncoding = 4; lastKnownFileType = sourcecode.c.objc; path = FUBeautySkinViewModel.m; sourceTree = "<group>"; };
		2DC95FB3288E486B00A80478 /* FUBeautyShapeViewModel.m */ = {isa = PBXFileReference; fileEncoding = 4; lastKnownFileType = sourcecode.c.objc; path = FUBeautyShapeViewModel.m; sourceTree = "<group>"; };
		2DC95FB4288E486B00A80478 /* FUStickerViewModel.h */ = {isa = PBXFileReference; fileEncoding = 4; lastKnownFileType = sourcecode.c.h; path = FUStickerViewModel.h; sourceTree = "<group>"; };
		2DC95FB5288E486B00A80478 /* FUBeautyBodyViewModel.h */ = {isa = PBXFileReference; fileEncoding = 4; lastKnownFileType = sourcecode.c.h; path = FUBeautyBodyViewModel.h; sourceTree = "<group>"; };
		2DC95FB6288E486B00A80478 /* FUFilterViewModel.h */ = {isa = PBXFileReference; fileEncoding = 4; lastKnownFileType = sourcecode.c.h; path = FUFilterViewModel.h; sourceTree = "<group>"; };
		2DC95FB7288E486B00A80478 /* FUMakeupViewModel.h */ = {isa = PBXFileReference; fileEncoding = 4; lastKnownFileType = sourcecode.c.h; path = FUMakeupViewModel.h; sourceTree = "<group>"; };
		2DC95FB8288E486B00A80478 /* FUViewModel.h */ = {isa = PBXFileReference; fileEncoding = 4; lastKnownFileType = sourcecode.c.h; path = FUViewModel.h; sourceTree = "<group>"; };
		2DC95FB9288E486B00A80478 /* FUBeautySkinViewModel.h */ = {isa = PBXFileReference; fileEncoding = 4; lastKnownFileType = sourcecode.c.h; path = FUBeautySkinViewModel.h; sourceTree = "<group>"; };
		2DC95FBA288E486B00A80478 /* FUStickerViewModel.m */ = {isa = PBXFileReference; fileEncoding = 4; lastKnownFileType = sourcecode.c.objc; path = FUStickerViewModel.m; sourceTree = "<group>"; };
		2DC95FBB288E486B00A80478 /* FUBeautyShapeViewModel.h */ = {isa = PBXFileReference; fileEncoding = 4; lastKnownFileType = sourcecode.c.h; path = FUBeautyShapeViewModel.h; sourceTree = "<group>"; };
		2DC95FBC288E486B00A80478 /* FUMakeupViewModel.m */ = {isa = PBXFileReference; fileEncoding = 4; lastKnownFileType = sourcecode.c.objc; path = FUMakeupViewModel.m; sourceTree = "<group>"; };
		2DC95FBD288E486B00A80478 /* FUFilterViewModel.m */ = {isa = PBXFileReference; fileEncoding = 4; lastKnownFileType = sourcecode.c.objc; path = FUFilterViewModel.m; sourceTree = "<group>"; };
		2DC95FBE288E486B00A80478 /* FUBeautyBodyViewModel.m */ = {isa = PBXFileReference; fileEncoding = 4; lastKnownFileType = sourcecode.c.objc; path = FUBeautyBodyViewModel.m; sourceTree = "<group>"; };
		2DC95FBF288E486B00A80478 /* FUTestRecorder.h */ = {isa = PBXFileReference; fileEncoding = 4; lastKnownFileType = sourcecode.c.h; path = FUTestRecorder.h; sourceTree = "<group>"; };
		2DC95FC0288E486B00A80478 /* FUDemoManager.m */ = {isa = PBXFileReference; fileEncoding = 4; lastKnownFileType = sourcecode.c.objc; path = FUDemoManager.m; sourceTree = "<group>"; };
		2DC95FC1288E486B00A80478 /* FUManager.h */ = {isa = PBXFileReference; fileEncoding = 4; lastKnownFileType = sourcecode.c.h; path = FUManager.h; sourceTree = "<group>"; };
		2DC95FC3288E486B00A80478 /* FUDefines.h */ = {isa = PBXFileReference; fileEncoding = 4; lastKnownFileType = sourcecode.c.h; path = FUDefines.h; sourceTree = "<group>"; };
		2DC95FC4288E486B00A80478 /* FUTestRecorder.m */ = {isa = PBXFileReference; fileEncoding = 4; lastKnownFileType = sourcecode.c.objc; path = FUTestRecorder.m; sourceTree = "<group>"; };
		2DC95FC6288E486B00A80478 /* FUModel.h */ = {isa = PBXFileReference; fileEncoding = 4; lastKnownFileType = sourcecode.c.h; path = FUModel.h; sourceTree = "<group>"; };
		2DC95FC7288E486B00A80478 /* FUBeautyShapeModel.m */ = {isa = PBXFileReference; fileEncoding = 4; lastKnownFileType = sourcecode.c.objc; path = FUBeautyShapeModel.m; sourceTree = "<group>"; };
		2DC95FC8288E486B00A80478 /* FUBeautySkinModel.m */ = {isa = PBXFileReference; fileEncoding = 4; lastKnownFileType = sourcecode.c.objc; path = FUBeautySkinModel.m; sourceTree = "<group>"; };
		2DC95FC9288E486B00A80478 /* FUBeautyBodyModel.m */ = {isa = PBXFileReference; fileEncoding = 4; lastKnownFileType = sourcecode.c.objc; path = FUBeautyBodyModel.m; sourceTree = "<group>"; };
		2DC95FCA288E486B00A80478 /* FUFilterModel.m */ = {isa = PBXFileReference; fileEncoding = 4; lastKnownFileType = sourcecode.c.objc; path = FUFilterModel.m; sourceTree = "<group>"; };
		2DC95FCB288E486B00A80478 /* FUMakeupModel.h */ = {isa = PBXFileReference; fileEncoding = 4; lastKnownFileType = sourcecode.c.h; path = FUMakeupModel.h; sourceTree = "<group>"; };
		2DC95FCC288E486B00A80478 /* FUStickerModel.h */ = {isa = PBXFileReference; fileEncoding = 4; lastKnownFileType = sourcecode.c.h; path = FUStickerModel.h; sourceTree = "<group>"; };
		2DC95FCD288E486B00A80478 /* FUBeautyShapeModel.h */ = {isa = PBXFileReference; fileEncoding = 4; lastKnownFileType = sourcecode.c.h; path = FUBeautyShapeModel.h; sourceTree = "<group>"; };
		2DC95FCE288E486B00A80478 /* FUModel.m */ = {isa = PBXFileReference; fileEncoding = 4; lastKnownFileType = sourcecode.c.objc; path = FUModel.m; sourceTree = "<group>"; };
		2DC95FCF288E486B00A80478 /* FUFilterModel.h */ = {isa = PBXFileReference; fileEncoding = 4; lastKnownFileType = sourcecode.c.h; path = FUFilterModel.h; sourceTree = "<group>"; };
		2DC95FD0288E486B00A80478 /* FUBeautyBodyModel.h */ = {isa = PBXFileReference; fileEncoding = 4; lastKnownFileType = sourcecode.c.h; path = FUBeautyBodyModel.h; sourceTree = "<group>"; };
		2DC95FD1288E486B00A80478 /* FUBeautySkinModel.h */ = {isa = PBXFileReference; fileEncoding = 4; lastKnownFileType = sourcecode.c.h; path = FUBeautySkinModel.h; sourceTree = "<group>"; };
		2DC95FD2288E486B00A80478 /* FUStickerModel.m */ = {isa = PBXFileReference; fileEncoding = 4; lastKnownFileType = sourcecode.c.objc; path = FUStickerModel.m; sourceTree = "<group>"; };
		2DC95FD3288E486B00A80478 /* FUMakeupModel.m */ = {isa = PBXFileReference; fileEncoding = 4; lastKnownFileType = sourcecode.c.objc; path = FUMakeupModel.m; sourceTree = "<group>"; };
		2DC95FD5288E486B00A80478 /* FUInsetsLabel.m */ = {isa = PBXFileReference; fileEncoding = 4; lastKnownFileType = sourcecode.c.objc; path = FUInsetsLabel.m; sourceTree = "<group>"; };
		2DC95FD6288E486B00A80478 /* FUSegmentBar.h */ = {isa = PBXFileReference; fileEncoding = 4; lastKnownFileType = sourcecode.c.h; path = FUSegmentBar.h; sourceTree = "<group>"; };
		2DC95FD7288E486B00A80478 /* FUFunctionView.h */ = {isa = PBXFileReference; fileEncoding = 4; lastKnownFileType = sourcecode.c.h; path = FUFunctionView.h; sourceTree = "<group>"; };
		2DC95FD8288E486B00A80478 /* FUSlider.m */ = {isa = PBXFileReference; fileEncoding = 4; lastKnownFileType = sourcecode.c.objc; path = FUSlider.m; sourceTree = "<group>"; };
		2DC95FD9288E486B00A80478 /* FUTipHUD.h */ = {isa = PBXFileReference; fileEncoding = 4; lastKnownFileType = sourcecode.c.h; path = FUTipHUD.h; sourceTree = "<group>"; };
		2DC95FDA288E486B00A80478 /* FUSquareButton.m */ = {isa = PBXFileReference; fileEncoding = 4; lastKnownFileType = sourcecode.c.objc; path = FUSquareButton.m; sourceTree = "<group>"; };
		2DC95FDB288E486B00A80478 /* FUBeautyFunctionView.h */ = {isa = PBXFileReference; fileEncoding = 4; lastKnownFileType = sourcecode.c.h; path = FUBeautyFunctionView.h; sourceTree = "<group>"; };
		2DC95FDC288E486B00A80478 /* FUOthersFunctionView.m */ = {isa = PBXFileReference; fileEncoding = 4; lastKnownFileType = sourcecode.c.objc; path = FUOthersFunctionView.m; sourceTree = "<group>"; };
		2DC95FDD288E486B00A80478 /* FUSegmentBar.m */ = {isa = PBXFileReference; fileEncoding = 4; lastKnownFileType = sourcecode.c.objc; path = FUSegmentBar.m; sourceTree = "<group>"; };
		2DC95FDE288E486B00A80478 /* FUInsetsLabel.h */ = {isa = PBXFileReference; fileEncoding = 4; lastKnownFileType = sourcecode.c.h; path = FUInsetsLabel.h; sourceTree = "<group>"; };
		2DC95FDF288E486B00A80478 /* FUSlider.h */ = {isa = PBXFileReference; fileEncoding = 4; lastKnownFileType = sourcecode.c.h; path = FUSlider.h; sourceTree = "<group>"; };
		2DC95FE0288E486B00A80478 /* FUFunctionView.m */ = {isa = PBXFileReference; fileEncoding = 4; lastKnownFileType = sourcecode.c.objc; path = FUFunctionView.m; sourceTree = "<group>"; };
		2DC95FE1288E486B00A80478 /* FUBeautyFunctionView.m */ = {isa = PBXFileReference; fileEncoding = 4; lastKnownFileType = sourcecode.c.objc; path = FUBeautyFunctionView.m; sourceTree = "<group>"; };
		2DC95FE2288E486B00A80478 /* FUSquareButton.h */ = {isa = PBXFileReference; fileEncoding = 4; lastKnownFileType = sourcecode.c.h; path = FUSquareButton.h; sourceTree = "<group>"; };
		2DC95FE3288E486B00A80478 /* FUTipHUD.m */ = {isa = PBXFileReference; fileEncoding = 4; lastKnownFileType = sourcecode.c.objc; path = FUTipHUD.m; sourceTree = "<group>"; };
		2DC95FE4288E486B00A80478 /* FUOthersFunctionView.h */ = {isa = PBXFileReference; fileEncoding = 4; lastKnownFileType = sourcecode.c.h; path = FUOthersFunctionView.h; sourceTree = "<group>"; };
		2DC95FE5288E486B00A80478 /* FUDemoManager.h */ = {isa = PBXFileReference; fileEncoding = 4; lastKnownFileType = sourcecode.c.h; path = FUDemoManager.h; sourceTree = "<group>"; };
		2DC95FE8288E486B00A80478 /* zh-Hans */ = {isa = PBXFileReference; lastKnownFileType = text.plist.strings; name = "zh-Hans"; path = "zh-Hans.lproj/FaceUnity.strings"; sourceTree = "<group>"; };
		2DC95FEA288E486B00A80478 /* oumei.bundle */ = {isa = PBXFileReference; lastKnownFileType = file; path = oumei.bundle; sourceTree = "<group>"; };
		2DC95FEB288E486B00A80478 /* Rose.bundle */ = {isa = PBXFileReference; lastKnownFileType = file; path = Rose.bundle; sourceTree = "<group>"; };
		2DC95FEC288E486B00A80478 /* linjia.bundle */ = {isa = PBXFileReference; lastKnownFileType = file; path = linjia.bundle; sourceTree = "<group>"; };
		2DC95FED288E486B00A80478 /* yanshimao.bundle */ = {isa = PBXFileReference; lastKnownFileType = file; path = yanshimao.bundle; sourceTree = "<group>"; };
		2DC95FEE288E486B00A80478 /* tianmei.bundle */ = {isa = PBXFileReference; lastKnownFileType = file; path = tianmei.bundle; sourceTree = "<group>"; };
		2DC95FEF288E486B00A80478 /* ziyun.bundle */ = {isa = PBXFileReference; lastKnownFileType = file; path = ziyun.bundle; sourceTree = "<group>"; };
		2DC95FF0288E486B00A80478 /* chaomo.bundle */ = {isa = PBXFileReference; lastKnownFileType = file; path = chaomo.bundle; sourceTree = "<group>"; };
		2DC95FF1288E486B00A80478 /* hongfeng.bundle */ = {isa = PBXFileReference; lastKnownFileType = file; path = hongfeng.bundle; sourceTree = "<group>"; };
		2DC95FF2288E486B00A80478 /* jianling.bundle */ = {isa = PBXFileReference; lastKnownFileType = file; path = jianling.bundle; sourceTree = "<group>"; };
		2DC95FF3288E486B00A80478 /* gangfeng.bundle */ = {isa = PBXFileReference; lastKnownFileType = file; path = gangfeng.bundle; sourceTree = "<group>"; };
		2DC95FF4288E486B00A80478 /* chuju.bundle */ = {isa = PBXFileReference; lastKnownFileType = file; path = chuju.bundle; sourceTree = "<group>"; };
		2DC95FF5288E486B00A80478 /* renyu.bundle */ = {isa = PBXFileReference; lastKnownFileType = file; path = renyu.bundle; sourceTree = "<group>"; };
		2DC95FF6288E486B00A80478 /* qianzhihe.bundle */ = {isa = PBXFileReference; lastKnownFileType = file; path = qianzhihe.bundle; sourceTree = "<group>"; };
		2DC95FF7288E486B00A80478 /* wumei.bundle */ = {isa = PBXFileReference; lastKnownFileType = file; path = wumei.bundle; sourceTree = "<group>"; };
		2DC95FF8288E486B00A80478 /* shaonv.bundle */ = {isa = PBXFileReference; lastKnownFileType = file; path = shaonv.bundle; sourceTree = "<group>"; };
		2DC95FF9288E486B00A80478 /* chuqiu.bundle */ = {isa = PBXFileReference; lastKnownFileType = file; path = chuqiu.bundle; sourceTree = "<group>"; };
		2DC95FFA288E486B00A80478 /* nuandong.bundle */ = {isa = PBXFileReference; lastKnownFileType = file; path = nuandong.bundle; sourceTree = "<group>"; };
		2DC95FFB288E486B00A80478 /* xinggan.bundle */ = {isa = PBXFileReference; lastKnownFileType = file; path = xinggan.bundle; sourceTree = "<group>"; };
		2DC95FFC288E486B00A80478 /* en */ = {isa = PBXFileReference; lastKnownFileType = text.plist.strings; name = en; path = en.lproj/FaceUnity.strings; sourceTree = "<group>"; };
		2DC95FFD288E486B00A80478 /* FaceUnity.xcassets */ = {isa = PBXFileReference; lastKnownFileType = folder.assetcatalog; path = FaceUnity.xcassets; sourceTree = "<group>"; };
		2DC95FFF288E486B00A80478 /* fashi.bundle */ = {isa = PBXFileReference; lastKnownFileType = file; path = fashi.bundle; sourceTree = "<group>"; };
		2DC96000288E486B00A80478 /* sdlu.bundle */ = {isa = PBXFileReference; lastKnownFileType = file; path = sdlu.bundle; sourceTree = "<group>"; };
		2DC96001288E486B00A80478 /* xueqiu_lm_fu.bundle */ = {isa = PBXFileReference; lastKnownFileType = file; path = xueqiu_lm_fu.bundle; sourceTree = "<group>"; };
		2DC96002288E486B00A80478 /* DaisyPig.bundle */ = {isa = PBXFileReference; lastKnownFileType = file; path = DaisyPig.bundle; sourceTree = "<group>"; };
		2DC96003288E486B00A80478 /* FUManager.m */ = {isa = PBXFileReference; fileEncoding = 4; lastKnownFileType = sourcecode.c.objc; path = FUManager.m; sourceTree = "<group>"; };
		2DC96004288E486B00A80478 /* authpack.h */ = {isa = PBXFileReference; fileEncoding = 4; lastKnownFileType = sourcecode.c.h; path = authpack.h; sourceTree = "<group>"; };
		474E520E8ACB91CC17307E39 /* Pods-QNRTCKitDemo.release.xcconfig */ = {isa = PBXFileReference; includeInIndex = 1; lastKnownFileType = text.xcconfig; name = "Pods-QNRTCKitDemo.release.xcconfig"; path = "Pods/Target Support Files/Pods-QNRTCKitDemo/Pods-QNRTCKitDemo.release.xcconfig"; sourceTree = "<group>"; };
		764940AD212507370025ED41 /* QRDMergeInfo.h */ = {isa = PBXFileReference; lastKnownFileType = sourcecode.c.h; path = QRDMergeInfo.h; sourceTree = "<group>"; };
		764940AE212507370025ED41 /* QRDMergeInfo.m */ = {isa = PBXFileReference; lastKnownFileType = sourcecode.c.objc; path = QRDMergeInfo.m; sourceTree = "<group>"; };
		76EB7FFB2122B624001D6EA5 /* launchImage@2x.jpg */ = {isa = PBXFileReference; lastKnownFileType = image.jpeg; path = "launchImage@2x.jpg"; sourceTree = "<group>"; };
		9C55F1A924938DB600C2063F /* QRDMergeSettingView.h */ = {isa = PBXFileReference; fileEncoding = 4; lastKnownFileType = sourcecode.c.h; path = QRDMergeSettingView.h; sourceTree = "<group>"; };
		9C55F1AA24938DB600C2063F /* QRDMergeSettingView.m */ = {isa = PBXFileReference; fileEncoding = 4; lastKnownFileType = sourcecode.c.objc; path = QRDMergeSettingView.m; sourceTree = "<group>"; };
		9C55F1AC24938E1100C2063F /* QRDPlayerViewController.m */ = {isa = PBXFileReference; fileEncoding = 4; lastKnownFileType = sourcecode.c.objc; path = QRDPlayerViewController.m; sourceTree = "<group>"; };
		9C55F1AD24938E1100C2063F /* QRDPlayerViewController.h */ = {isa = PBXFileReference; fileEncoding = 4; lastKnownFileType = sourcecode.c.h; path = QRDPlayerViewController.h; sourceTree = "<group>"; };
		B04AF08A1F9652A6009BAFEF /* libiconv.tbd */ = {isa = PBXFileReference; lastKnownFileType = "sourcecode.text-based-dylib-definition"; name = libiconv.tbd; path = usr/lib/libiconv.tbd; sourceTree = SDKROOT; };
		B04AF08C1F9652C7009BAFEF /* libicucore.tbd */ = {isa = PBXFileReference; lastKnownFileType = "sourcecode.text-based-dylib-definition"; name = libicucore.tbd; path = usr/lib/libicucore.tbd; sourceTree = SDKROOT; };
		B06DBBCF20F6270E009AE9F9 /* ReplayKit.framework */ = {isa = PBXFileReference; lastKnownFileType = wrapper.framework; name = ReplayKit.framework; path = System/Library/Frameworks/ReplayKit.framework; sourceTree = SDKROOT; };
		B0769C6A1FBA96930051F9C2 /* libc++.1.tbd */ = {isa = PBXFileReference; lastKnownFileType = "sourcecode.text-based-dylib-definition"; name = "libc++.1.tbd"; path = "usr/lib/libc++.1.tbd"; sourceTree = SDKROOT; };
		B0769C6C1FBA96C10051F9C2 /* Foundation.framework */ = {isa = PBXFileReference; lastKnownFileType = wrapper.framework; name = Foundation.framework; path = System/Library/Frameworks/Foundation.framework; sourceTree = SDKROOT; };
		B0769C6E1FBA97090051F9C2 /* VideoToolbox.framework */ = {isa = PBXFileReference; lastKnownFileType = wrapper.framework; name = VideoToolbox.framework; path = System/Library/Frameworks/VideoToolbox.framework; sourceTree = SDKROOT; };
		B0769C741FBADAF70051F9C2 /* GLKit.framework */ = {isa = PBXFileReference; lastKnownFileType = wrapper.framework; name = GLKit.framework; path = System/Library/Frameworks/GLKit.framework; sourceTree = SDKROOT; };
		B07BB0C62064E61C009218C1 /* user_agreement.html */ = {isa = PBXFileReference; fileEncoding = 4; lastKnownFileType = text.html; path = user_agreement.html; sourceTree = "<group>"; };
		B07BB0C82064E670009218C1 /* QRDAgreementViewController.m */ = {isa = PBXFileReference; fileEncoding = 4; lastKnownFileType = sourcecode.c.objc; path = QRDAgreementViewController.m; sourceTree = "<group>"; };
		B07BB0C92064E670009218C1 /* QRDAgreementViewController.xib */ = {isa = PBXFileReference; fileEncoding = 4; lastKnownFileType = file.xib; path = QRDAgreementViewController.xib; sourceTree = "<group>"; };
		B07BB0CA2064E670009218C1 /* QRDAgreementViewController.h */ = {isa = PBXFileReference; fileEncoding = 4; lastKnownFileType = sourcecode.c.h; path = QRDAgreementViewController.h; sourceTree = "<group>"; };
		B0A335DB20D2CF6F00098E94 /* QRDScreenRecorderViewController.h */ = {isa = PBXFileReference; lastKnownFileType = sourcecode.c.h; path = QRDScreenRecorderViewController.h; sourceTree = "<group>"; };
		B0A335DC20D2CF6F00098E94 /* QRDScreenRecorderViewController.m */ = {isa = PBXFileReference; lastKnownFileType = sourcecode.c.objc; path = QRDScreenRecorderViewController.m; sourceTree = "<group>"; };
		B0A335E220D2E39500098E94 /* QRDMicrophoneSource.m */ = {isa = PBXFileReference; fileEncoding = 4; lastKnownFileType = sourcecode.c.objc; path = QRDMicrophoneSource.m; sourceTree = "<group>"; };
		B0A335E320D2E39600098E94 /* QRDMicrophoneSource.h */ = {isa = PBXFileReference; fileEncoding = 4; lastKnownFileType = sourcecode.c.h; path = QRDMicrophoneSource.h; sourceTree = "<group>"; };
		B0B4BA491FD31A3D00A5ACA0 /* libz.tbd */ = {isa = PBXFileReference; lastKnownFileType = "sourcecode.text-based-dylib-definition"; name = libz.tbd; path = usr/lib/libz.tbd; sourceTree = SDKROOT; };
		B0C660541F94F98300999C9F /* QNRTCKitDemo.app */ = {isa = PBXFileReference; explicitFileType = wrapper.application; includeInIndex = 0; path = QNRTCKitDemo.app; sourceTree = BUILT_PRODUCTS_DIR; };
		B0C660571F94F98300999C9F /* AppDelegate.h */ = {isa = PBXFileReference; lastKnownFileType = sourcecode.c.h; path = AppDelegate.h; sourceTree = "<group>"; };
		B0C660581F94F98300999C9F /* AppDelegate.m */ = {isa = PBXFileReference; lastKnownFileType = sourcecode.c.objc; path = AppDelegate.m; sourceTree = "<group>"; };
		B0C660611F94F98300999C9F /* Base */ = {isa = PBXFileReference; lastKnownFileType = file.storyboard; name = Base; path = Base.lproj/Main.storyboard; sourceTree = "<group>"; };
		B0C660631F94F98300999C9F /* Assets.xcassets */ = {isa = PBXFileReference; lastKnownFileType = folder.assetcatalog; path = Assets.xcassets; sourceTree = "<group>"; };
		B0C660661F94F98300999C9F /* Base */ = {isa = PBXFileReference; lastKnownFileType = file.storyboard; name = Base; path = Base.lproj/LaunchScreen.storyboard; sourceTree = "<group>"; };
		B0C660681F94F98300999C9F /* Info.plist */ = {isa = PBXFileReference; lastKnownFileType = text.plist.xml; path = Info.plist; sourceTree = "<group>"; };
		B0C660691F94F98300999C9F /* main.m */ = {isa = PBXFileReference; lastKnownFileType = sourcecode.c.objc; path = main.m; sourceTree = "<group>"; };
		BC0F652721B7708C006C1A0B /* UIView+Alert.m */ = {isa = PBXFileReference; fileEncoding = 4; lastKnownFileType = sourcecode.c.objc; path = "UIView+Alert.m"; sourceTree = "<group>"; };
		BC0F652821B7708C006C1A0B /* UIView+Alert.h */ = {isa = PBXFileReference; fileEncoding = 4; lastKnownFileType = sourcecode.c.h; path = "UIView+Alert.h"; sourceTree = "<group>"; };
		BC0F653621B78257006C1A0B /* QRDNetworkUtil.h */ = {isa = PBXFileReference; lastKnownFileType = sourcecode.c.h; path = QRDNetworkUtil.h; sourceTree = "<group>"; };
		BC0F653921B78257006C1A0B /* QRDNetworkUtil.m */ = {isa = PBXFileReference; lastKnownFileType = sourcecode.c.objc; path = QRDNetworkUtil.m; sourceTree = "<group>"; };
		BC0F653B21B7A371006C1A0B /* QRDBaseViewController.h */ = {isa = PBXFileReference; fileEncoding = 4; lastKnownFileType = sourcecode.c.h; path = QRDBaseViewController.h; sourceTree = "<group>"; };
		BC0F653C21B7A371006C1A0B /* QRDBaseViewController.m */ = {isa = PBXFileReference; fileEncoding = 4; lastKnownFileType = sourcecode.c.objc; path = QRDBaseViewController.m; sourceTree = "<group>"; };
		BC0F653D21B7A371006C1A0B /* QRDScreenMainViewController.m */ = {isa = PBXFileReference; fileEncoding = 4; lastKnownFileType = sourcecode.c.objc; path = QRDScreenMainViewController.m; sourceTree = "<group>"; };
		BC0F653E21B7A371006C1A0B /* QRDScreenMainViewController.h */ = {isa = PBXFileReference; fileEncoding = 4; lastKnownFileType = sourcecode.c.h; path = QRDScreenMainViewController.h; sourceTree = "<group>"; };
		BC0F653F21B7A371006C1A0B /* QRDUserView.h */ = {isa = PBXFileReference; fileEncoding = 4; lastKnownFileType = sourcecode.c.h; path = QRDUserView.h; sourceTree = "<group>"; };
		BC0F654021B7A371006C1A0B /* QRDUserView.m */ = {isa = PBXFileReference; fileEncoding = 4; lastKnownFileType = sourcecode.c.objc; path = QRDUserView.m; sourceTree = "<group>"; };
		BC0F654B21B80CFB006C1A0B /* noChoose@3x.png */ = {isa = PBXFileReference; lastKnownFileType = image.png; path = "noChoose@3x.png"; sourceTree = "<group>"; };
		BC0F654D21B80CFB006C1A0B /* noChoose@2x.png */ = {isa = PBXFileReference; lastKnownFileType = image.png; path = "noChoose@2x.png"; sourceTree = "<group>"; };
		BC0F655421B80D71006C1A0B /* set_back@3x.png */ = {isa = PBXFileReference; lastKnownFileType = image.png; path = "set_back@3x.png"; sourceTree = "<group>"; };
		BC0F655521B80D71006C1A0B /* set_back@2x.png */ = {isa = PBXFileReference; lastKnownFileType = image.png; path = "set_back@2x.png"; sourceTree = "<group>"; };
		BC99861F21C8E7D3000E8942 /* QRDPureAudioViewController.h */ = {isa = PBXFileReference; lastKnownFileType = sourcecode.c.h; path = QRDPureAudioViewController.h; sourceTree = "<group>"; };
		BC99862021C8E7D3000E8942 /* QRDPureAudioViewController.m */ = {isa = PBXFileReference; lastKnownFileType = sourcecode.c.objc; path = QRDPureAudioViewController.m; sourceTree = "<group>"; };
		C30F0F81200F416500A2A1CA /* QRDSettingViewController.h */ = {isa = PBXFileReference; lastKnownFileType = sourcecode.c.h; path = QRDSettingViewController.h; sourceTree = "<group>"; };
		C30F0F82200F416500A2A1CA /* QRDSettingViewController.m */ = {isa = PBXFileReference; lastKnownFileType = sourcecode.c.objc; path = QRDSettingViewController.m; sourceTree = "<group>"; };
		C30F0F89200F58EF00A2A1CA /* QRDJoinRoomView.h */ = {isa = PBXFileReference; fileEncoding = 4; lastKnownFileType = sourcecode.c.h; path = QRDJoinRoomView.h; sourceTree = "<group>"; };
		C30F0F8A200F58EF00A2A1CA /* QRDJoinRoomView.m */ = {isa = PBXFileReference; fileEncoding = 4; lastKnownFileType = sourcecode.c.objc; path = QRDJoinRoomView.m; sourceTree = "<group>"; };
		C30F0F8B200F58EF00A2A1CA /* QRDUserNameView.h */ = {isa = PBXFileReference; fileEncoding = 4; lastKnownFileType = sourcecode.c.h; path = QRDUserNameView.h; sourceTree = "<group>"; };
		C30F0F8C200F58EF00A2A1CA /* QRDUserNameView.m */ = {isa = PBXFileReference; fileEncoding = 4; lastKnownFileType = sourcecode.c.objc; path = QRDUserNameView.m; sourceTree = "<group>"; };
		C30F0F8F200F590C00A2A1CA /* QRDSettingView.h */ = {isa = PBXFileReference; lastKnownFileType = sourcecode.c.h; path = QRDSettingView.h; sourceTree = "<group>"; };
		C30F0F90200F590C00A2A1CA /* QRDSettingView.m */ = {isa = PBXFileReference; lastKnownFileType = sourcecode.c.objc; path = QRDSettingView.m; sourceTree = "<group>"; };
		C30F0F96201033BD00A2A1CA /* QRDRTCViewController.h */ = {isa = PBXFileReference; lastKnownFileType = sourcecode.c.h; path = QRDRTCViewController.h; sourceTree = "<group>"; };
		C30F0F97201033BD00A2A1CA /* QRDRTCViewController.m */ = {isa = PBXFileReference; lastKnownFileType = sourcecode.c.objc; path = QRDRTCViewController.m; sourceTree = "<group>"; };
		C3F800A9200CB41600ECDDC9 /* QRDPublicHeader.h */ = {isa = PBXFileReference; lastKnownFileType = sourcecode.c.h; path = QRDPublicHeader.h; sourceTree = "<group>"; };
		C3F800C6200E012A00ECDDC9 /* QRDLoginViewController.h */ = {isa = PBXFileReference; lastKnownFileType = sourcecode.c.h; path = QRDLoginViewController.h; sourceTree = "<group>"; };
		C3F800C7200E012A00ECDDC9 /* QRDLoginViewController.m */ = {isa = PBXFileReference; lastKnownFileType = sourcecode.c.objc; path = QRDLoginViewController.m; sourceTree = "<group>"; };
		D687BBCC4CE164F6C9657FE3 /* Pods-QNRTCKitDemo.debug.xcconfig */ = {isa = PBXFileReference; includeInIndex = 1; lastKnownFileType = text.xcconfig; name = "Pods-QNRTCKitDemo.debug.xcconfig"; path = "Pods/Target Support Files/Pods-QNRTCKitDemo/Pods-QNRTCKitDemo.debug.xcconfig"; sourceTree = "<group>"; };
		D8BB45036542B95EF652274E /* libPods-QNRTCKitDemo.a */ = {isa = PBXFileReference; explicitFileType = archive.ar; includeInIndex = 0; path = "libPods-QNRTCKitDemo.a"; sourceTree = BUILT_PRODUCTS_DIR; };
/* End PBXFileReference section */

/* Begin PBXFrameworksBuildPhase section */
		B0C660511F94F98300999C9F /* Frameworks */ = {
			isa = PBXFrameworksBuildPhase;
			buildActionMask = 2147483647;
			files = (
				B06DBBD120F6270E009AE9F9 /* ReplayKit.framework in Frameworks */,
				B0769C751FBADAFD0051F9C2 /* GLKit.framework in Frameworks */,
				2D4987702552BF2D00A2629D /* CoreML.framework in Frameworks */,
				B0769C6F1FBA97100051F9C2 /* VideoToolbox.framework in Frameworks */,
				5029EC5434AD3A66D8A128FD /* libPods-QNRTCKitDemo.a in Frameworks */,
			);
			runOnlyForDeploymentPostprocessing = 0;
		};
/* End PBXFrameworksBuildPhase section */

/* Begin PBXGroup section */
		2DC95FAE288E486B00A80478 /* FaceUnity */ = {
			isa = PBXGroup;
			children = (
				2DC95FAF288E486B00A80478 /* Demo */,
				2DC96004288E486B00A80478 /* authpack.h */,
			);
			path = FaceUnity;
			sourceTree = "<group>";
		};
		2DC95FAF288E486B00A80478 /* Demo */ = {
			isa = PBXGroup;
			children = (
				2DC95FC2288E486B00A80478 /* Defines */,
				2DC95FE5288E486B00A80478 /* FUDemoManager.h */,
				2DC95FC0288E486B00A80478 /* FUDemoManager.m */,
				2DC95FC1288E486B00A80478 /* FUManager.h */,
				2DC96003288E486B00A80478 /* FUManager.m */,
				2DC95FBF288E486B00A80478 /* FUTestRecorder.h */,
				2DC95FC4288E486B00A80478 /* FUTestRecorder.m */,
				2DC95FC5288E486B00A80478 /* Model */,
				2DC95FE6288E486B00A80478 /* Resource */,
				2DC95FD4288E486B00A80478 /* View */,
				2DC95FB0288E486B00A80478 /* ViewModel */,
			);
			path = Demo;
			sourceTree = "<group>";
		};
		2DC95FB0288E486B00A80478 /* ViewModel */ = {
			isa = PBXGroup;
			children = (
				2DC95FB1288E486B00A80478 /* FUViewModel.m */,
				2DC95FB2288E486B00A80478 /* FUBeautySkinViewModel.m */,
				2DC95FB3288E486B00A80478 /* FUBeautyShapeViewModel.m */,
				2DC95FB4288E486B00A80478 /* FUStickerViewModel.h */,
				2DC95FB5288E486B00A80478 /* FUBeautyBodyViewModel.h */,
				2DC95FB6288E486B00A80478 /* FUFilterViewModel.h */,
				2DC95FB7288E486B00A80478 /* FUMakeupViewModel.h */,
				2DC95FB8288E486B00A80478 /* FUViewModel.h */,
				2DC95FB9288E486B00A80478 /* FUBeautySkinViewModel.h */,
				2DC95FBA288E486B00A80478 /* FUStickerViewModel.m */,
				2DC95FBB288E486B00A80478 /* FUBeautyShapeViewModel.h */,
				2DC95FBC288E486B00A80478 /* FUMakeupViewModel.m */,
				2DC95FBD288E486B00A80478 /* FUFilterViewModel.m */,
				2DC95FBE288E486B00A80478 /* FUBeautyBodyViewModel.m */,
			);
			path = ViewModel;
			sourceTree = "<group>";
		};
		2DC95FC2288E486B00A80478 /* Defines */ = {
			isa = PBXGroup;
			children = (
				2DC95FC3288E486B00A80478 /* FUDefines.h */,
			);
			path = Defines;
			sourceTree = "<group>";
		};
		2DC95FC5288E486B00A80478 /* Model */ = {
			isa = PBXGroup;
			children = (
				2DC95FC6288E486B00A80478 /* FUModel.h */,
				2DC95FC7288E486B00A80478 /* FUBeautyShapeModel.m */,
				2DC95FC8288E486B00A80478 /* FUBeautySkinModel.m */,
				2DC95FC9288E486B00A80478 /* FUBeautyBodyModel.m */,
				2DC95FCA288E486B00A80478 /* FUFilterModel.m */,
				2DC95FCB288E486B00A80478 /* FUMakeupModel.h */,
				2DC95FCC288E486B00A80478 /* FUStickerModel.h */,
				2DC95FCD288E486B00A80478 /* FUBeautyShapeModel.h */,
				2DC95FCE288E486B00A80478 /* FUModel.m */,
				2DC95FCF288E486B00A80478 /* FUFilterModel.h */,
				2DC95FD0288E486B00A80478 /* FUBeautyBodyModel.h */,
				2DC95FD1288E486B00A80478 /* FUBeautySkinModel.h */,
				2DC95FD2288E486B00A80478 /* FUStickerModel.m */,
				2DC95FD3288E486B00A80478 /* FUMakeupModel.m */,
			);
			path = Model;
			sourceTree = "<group>";
		};
		2DC95FD4288E486B00A80478 /* View */ = {
			isa = PBXGroup;
			children = (
				2DC95FDB288E486B00A80478 /* FUBeautyFunctionView.h */,
				2DC95FE1288E486B00A80478 /* FUBeautyFunctionView.m */,
				2DC95FD7288E486B00A80478 /* FUFunctionView.h */,
				2DC95FE0288E486B00A80478 /* FUFunctionView.m */,
				2DC95FDE288E486B00A80478 /* FUInsetsLabel.h */,
				2DC95FD5288E486B00A80478 /* FUInsetsLabel.m */,
				2DC95FE4288E486B00A80478 /* FUOthersFunctionView.h */,
				2DC95FDC288E486B00A80478 /* FUOthersFunctionView.m */,
				2DC95FD6288E486B00A80478 /* FUSegmentBar.h */,
				2DC95FDD288E486B00A80478 /* FUSegmentBar.m */,
				2DC95FDF288E486B00A80478 /* FUSlider.h */,
				2DC95FD8288E486B00A80478 /* FUSlider.m */,
				2DC95FE2288E486B00A80478 /* FUSquareButton.h */,
				2DC95FDA288E486B00A80478 /* FUSquareButton.m */,
				2DC95FD9288E486B00A80478 /* FUTipHUD.h */,
				2DC95FE3288E486B00A80478 /* FUTipHUD.m */,
			);
			path = View;
			sourceTree = "<group>";
		};
		2DC95FE6288E486B00A80478 /* Resource */ = {
			isa = PBXGroup;
			children = (
				2DC95FE7288E486B00A80478 /* FaceUnity.strings */,
				2DC95FE9288E486B00A80478 /* 美妆 */,
				2DC95FFD288E486B00A80478 /* FaceUnity.xcassets */,
				2DC95FFE288E486B00A80478 /* 贴纸 */,
			);
			path = Resource;
			sourceTree = "<group>";
		};
		2DC95FE9288E486B00A80478 /* 美妆 */ = {
			isa = PBXGroup;
			children = (
				2DC95FEA288E486B00A80478 /* oumei.bundle */,
				2DC95FEB288E486B00A80478 /* Rose.bundle */,
				2DC95FEC288E486B00A80478 /* linjia.bundle */,
				2DC95FED288E486B00A80478 /* yanshimao.bundle */,
				2DC95FEE288E486B00A80478 /* tianmei.bundle */,
				2DC95FEF288E486B00A80478 /* ziyun.bundle */,
				2DC95FF0288E486B00A80478 /* chaomo.bundle */,
				2DC95FF1288E486B00A80478 /* hongfeng.bundle */,
				2DC95FF2288E486B00A80478 /* jianling.bundle */,
				2DC95FF3288E486B00A80478 /* gangfeng.bundle */,
				2DC95FF4288E486B00A80478 /* chuju.bundle */,
				2DC95FF5288E486B00A80478 /* renyu.bundle */,
				2DC95FF6288E486B00A80478 /* qianzhihe.bundle */,
				2DC95FF7288E486B00A80478 /* wumei.bundle */,
				2DC95FF8288E486B00A80478 /* shaonv.bundle */,
				2DC95FF9288E486B00A80478 /* chuqiu.bundle */,
				2DC95FFA288E486B00A80478 /* nuandong.bundle */,
				2DC95FFB288E486B00A80478 /* xinggan.bundle */,
			);
			path = "美妆";
			sourceTree = "<group>";
		};
		2DC95FFE288E486B00A80478 /* 贴纸 */ = {
			isa = PBXGroup;
			children = (
				2DC95FFF288E486B00A80478 /* fashi.bundle */,
				2DC96000288E486B00A80478 /* sdlu.bundle */,
				2DC96001288E486B00A80478 /* xueqiu_lm_fu.bundle */,
				2DC96002288E486B00A80478 /* DaisyPig.bundle */,
			);
			path = "贴纸";
			sourceTree = "<group>";
		};
		7886852D1C10E85A71462359 /* Pods */ = {
			isa = PBXGroup;
			children = (
				D687BBCC4CE164F6C9657FE3 /* Pods-QNRTCKitDemo.debug.xcconfig */,
				474E520E8ACB91CC17307E39 /* Pods-QNRTCKitDemo.release.xcconfig */,
			);
			name = Pods;
			sourceTree = "<group>";
		};
		B04AF0891F9652A6009BAFEF /* Frameworks */ = {
			isa = PBXGroup;
			children = (
				2D49876F2552BF2D00A2629D /* CoreML.framework */,
				B06DBBCF20F6270E009AE9F9 /* ReplayKit.framework */,
				B0B4BA491FD31A3D00A5ACA0 /* libz.tbd */,
				B0769C741FBADAF70051F9C2 /* GLKit.framework */,
				B0769C6E1FBA97090051F9C2 /* VideoToolbox.framework */,
				B0769C6C1FBA96C10051F9C2 /* Foundation.framework */,
				B0769C6A1FBA96930051F9C2 /* libc++.1.tbd */,
				B04AF08C1F9652C7009BAFEF /* libicucore.tbd */,
				B04AF08A1F9652A6009BAFEF /* libiconv.tbd */,
				D8BB45036542B95EF652274E /* libPods-QNRTCKitDemo.a */,
			);
			name = Frameworks;
			sourceTree = "<group>";
		};
		B0C6604B1F94F98200999C9F = {
			isa = PBXGroup;
			children = (
				B0C660561F94F98300999C9F /* QNRTCKitDemo */,
				B0C660551F94F98300999C9F /* Products */,
				B04AF0891F9652A6009BAFEF /* Frameworks */,
				7886852D1C10E85A71462359 /* Pods */,
			);
			sourceTree = "<group>";
		};
		B0C660551F94F98300999C9F /* Products */ = {
			isa = PBXGroup;
			children = (
				B0C660541F94F98300999C9F /* QNRTCKitDemo.app */,
			);
			name = Products;
			sourceTree = "<group>";
		};
		B0C660561F94F98300999C9F /* QNRTCKitDemo */ = {
			isa = PBXGroup;
			children = (
				2DC95FAE288E486B00A80478 /* FaceUnity */,
				B0C660571F94F98300999C9F /* AppDelegate.h */,
				B0C660581F94F98300999C9F /* AppDelegate.m */,
				B0A335E320D2E39600098E94 /* QRDMicrophoneSource.h */,
				B0A335E220D2E39500098E94 /* QRDMicrophoneSource.m */,
				C30F0F96201033BD00A2A1CA /* QRDRTCViewController.h */,
				C30F0F97201033BD00A2A1CA /* QRDRTCViewController.m */,
				C3F800C6200E012A00ECDDC9 /* QRDLoginViewController.h */,
				C3F800C7200E012A00ECDDC9 /* QRDLoginViewController.m */,
				C30F0F81200F416500A2A1CA /* QRDSettingViewController.h */,
				C30F0F82200F416500A2A1CA /* QRDSettingViewController.m */,
				B07BB0CA2064E670009218C1 /* QRDAgreementViewController.h */,
				B07BB0C82064E670009218C1 /* QRDAgreementViewController.m */,
				B07BB0C92064E670009218C1 /* QRDAgreementViewController.xib */,
				B0A335DB20D2CF6F00098E94 /* QRDScreenRecorderViewController.h */,
				B0A335DC20D2CF6F00098E94 /* QRDScreenRecorderViewController.m */,
				BC0F653B21B7A371006C1A0B /* QRDBaseViewController.h */,
				BC0F653C21B7A371006C1A0B /* QRDBaseViewController.m */,
				BC0F653E21B7A371006C1A0B /* QRDScreenMainViewController.h */,
				BC0F653D21B7A371006C1A0B /* QRDScreenMainViewController.m */,
				BC99861F21C8E7D3000E8942 /* QRDPureAudioViewController.h */,
				BC99862021C8E7D3000E8942 /* QRDPureAudioViewController.m */,
				9C55F1AD24938E1100C2063F /* QRDPlayerViewController.h */,
				9C55F1AC24938E1100C2063F /* QRDPlayerViewController.m */,
				BC0F653F21B7A371006C1A0B /* QRDUserView.h */,
				BC0F654021B7A371006C1A0B /* QRDUserView.m */,
				BC0F653621B78257006C1A0B /* QRDNetworkUtil.h */,
				BC0F653921B78257006C1A0B /* QRDNetworkUtil.m */,
				C30F0F88200F58EF00A2A1CA /* ViewTools */,
				C3F800A9200CB41600ECDDC9 /* QRDPublicHeader.h */,
				B0C660601F94F98300999C9F /* Main.storyboard */,
				B07BB0C62064E61C009218C1 /* user_agreement.html */,
				B0C660631F94F98300999C9F /* Assets.xcassets */,
				B0C660651F94F98300999C9F /* LaunchScreen.storyboard */,
				B0C660681F94F98300999C9F /* Info.plist */,
				76EB7FFB2122B624001D6EA5 /* launchImage@2x.jpg */,
				B0C660691F94F98300999C9F /* main.m */,
			);
			path = QNRTCKitDemo;
			sourceTree = "<group>";
		};
		C30F0F88200F58EF00A2A1CA /* ViewTools */ = {
			isa = PBXGroup;
			children = (
				9C55F1A924938DB600C2063F /* QRDMergeSettingView.h */,
				9C55F1AA24938DB600C2063F /* QRDMergeSettingView.m */,
				C30F0F8B200F58EF00A2A1CA /* QRDUserNameView.h */,
				C30F0F8C200F58EF00A2A1CA /* QRDUserNameView.m */,
				C30F0F89200F58EF00A2A1CA /* QRDJoinRoomView.h */,
				C30F0F8A200F58EF00A2A1CA /* QRDJoinRoomView.m */,
				C30F0F8F200F590C00A2A1CA /* QRDSettingView.h */,
				C30F0F90200F590C00A2A1CA /* QRDSettingView.m */,
				764940AD212507370025ED41 /* QRDMergeInfo.h */,
				764940AE212507370025ED41 /* QRDMergeInfo.m */,
				BC0F652821B7708C006C1A0B /* UIView+Alert.h */,
				BC0F652721B7708C006C1A0B /* UIView+Alert.m */,
				BC0F654D21B80CFB006C1A0B /* noChoose@2x.png */,
				BC0F654B21B80CFB006C1A0B /* noChoose@3x.png */,
				BC0F655521B80D71006C1A0B /* set_back@2x.png */,
				BC0F655421B80D71006C1A0B /* set_back@3x.png */,
			);
			path = ViewTools;
			sourceTree = "<group>";
		};
/* End PBXGroup section */

/* Begin PBXNativeTarget section */
		B0C660531F94F98300999C9F /* QNRTCKitDemo */ = {
			isa = PBXNativeTarget;
			buildConfigurationList = B0C6606D1F94F98300999C9F /* Build configuration list for PBXNativeTarget "QNRTCKitDemo" */;
			buildPhases = (
				FFF9D04D8766618C173CF452 /* [CP] Check Pods Manifest.lock */,
				B0C660501F94F98300999C9F /* Sources */,
				B0C660511F94F98300999C9F /* Frameworks */,
				B0C660521F94F98300999C9F /* Resources */,
				B04AF0921F9652FB009BAFEF /* Embed Frameworks */,
				45FBCD51C47E0F48596AE5CC /* [CP] Embed Pods Frameworks */,
				942A63FB5AAA43E9BE0ADEF9 /* Upload Bugsnag dSYM */,
				3F2E738181FFDA908226E3C0 /* [CP] Copy Pods Resources */,
				9C2CA2382519D8AA003203C7 /* CopyFiles */,
			);
			buildRules = (
			);
			dependencies = (
			);
			name = QNRTCKitDemo;
			productName = PLRTCKitDemo;
			productReference = B0C660541F94F98300999C9F /* QNRTCKitDemo.app */;
			productType = "com.apple.product-type.application";
		};
/* End PBXNativeTarget section */

/* Begin PBXProject section */
		B0C6604C1F94F98200999C9F /* Project object */ = {
			isa = PBXProject;
			attributes = {
				LastUpgradeCheck = 0900;
				ORGANIZATIONNAME = PILI;
				TargetAttributes = {
					B0C660531F94F98300999C9F = {
						CreatedOnToolsVersion = 9.0;
						ProvisioningStyle = Manual;
						SystemCapabilities = {
							com.apple.BackgroundModes = {
								enabled = 1;
							};
						};
					};
				};
			};
			buildConfigurationList = B0C6604F1F94F98200999C9F /* Build configuration list for PBXProject "QNRTCKitDemo" */;
			compatibilityVersion = "Xcode 8.0";
			developmentRegion = en;
			hasScannedForEncodings = 0;
			knownRegions = (
				en,
				Base,
				"zh-Hans",
			);
			mainGroup = B0C6604B1F94F98200999C9F;
			productRefGroup = B0C660551F94F98300999C9F /* Products */;
			projectDirPath = "";
			projectRoot = "";
			targets = (
				B0C660531F94F98300999C9F /* QNRTCKitDemo */,
			);
		};
/* End PBXProject section */

/* Begin PBXResourcesBuildPhase section */
		B0C660521F94F98300999C9F /* Resources */ = {
			isa = PBXResourcesBuildPhase;
			buildActionMask = 2147483647;
			files = (
				2DC96021288E486C00A80478 /* yanshimao.bundle in Resources */,
				BC0F655721B80D71006C1A0B /* set_back@2x.png in Resources */,
				B0C660671F94F98300999C9F /* LaunchScreen.storyboard in Resources */,
				2DC96026288E486C00A80478 /* jianling.bundle in Resources */,
				B07BB0C72064E61D009218C1 /* user_agreement.html in Resources */,
				BC0F654F21B80CFB006C1A0B /* noChoose@2x.png in Resources */,
				2DC9601D288E486C00A80478 /* FaceUnity.strings in Resources */,
				2DC9601F288E486C00A80478 /* Rose.bundle in Resources */,
				2DC9602F288E486C00A80478 /* xinggan.bundle in Resources */,
				2DC96023288E486C00A80478 /* ziyun.bundle in Resources */,
				B07BB0CC2064E670009218C1 /* QRDAgreementViewController.xib in Resources */,
				2DC96032288E486C00A80478 /* sdlu.bundle in Resources */,
				76EB7FFC2122B624001D6EA5 /* launchImage@2x.jpg in Resources */,
				2DC9602D288E486C00A80478 /* chuqiu.bundle in Resources */,
				2DC96028288E486C00A80478 /* chuju.bundle in Resources */,
				2DC9602C288E486C00A80478 /* shaonv.bundle in Resources */,
				2DC96031288E486C00A80478 /* fashi.bundle in Resources */,
				B0C660641F94F98300999C9F /* Assets.xcassets in Resources */,
				BC0F655621B80D71006C1A0B /* set_back@3x.png in Resources */,
				2DC96029288E486C00A80478 /* renyu.bundle in Resources */,
				2DC96033288E486C00A80478 /* xueqiu_lm_fu.bundle in Resources */,
				2DC96034288E486C00A80478 /* DaisyPig.bundle in Resources */,
				2DC96027288E486C00A80478 /* gangfeng.bundle in Resources */,
				2DC96020288E486C00A80478 /* linjia.bundle in Resources */,
				2DC9602A288E486C00A80478 /* qianzhihe.bundle in Resources */,
				2DC96025288E486C00A80478 /* hongfeng.bundle in Resources */,
				2DC9602E288E486C00A80478 /* nuandong.bundle in Resources */,
				2DC9602B288E486C00A80478 /* wumei.bundle in Resources */,
				B0C660621F94F98300999C9F /* Main.storyboard in Resources */,
				2DC96024288E486C00A80478 /* chaomo.bundle in Resources */,
				2DC96030288E486C00A80478 /* FaceUnity.xcassets in Resources */,
				2DC96022288E486C00A80478 /* tianmei.bundle in Resources */,
				BC0F654E21B80CFB006C1A0B /* noChoose@3x.png in Resources */,
				2DC9601E288E486C00A80478 /* oumei.bundle in Resources */,
			);
			runOnlyForDeploymentPostprocessing = 0;
		};
/* End PBXResourcesBuildPhase section */

/* Begin PBXShellScriptBuildPhase section */
		3F2E738181FFDA908226E3C0 /* [CP] Copy Pods Resources */ = {
			isa = PBXShellScriptBuildPhase;
			buildActionMask = 2147483647;
			files = (
			);
			inputPaths = (
				"${PODS_ROOT}/Target Support Files/Pods-QNRTCKitDemo/Pods-QNRTCKitDemo-resources.sh",
				"${PODS_ROOT}/FURenderKit/FURenderKit-v8.3.0/Resources/graphics/body_slim.bundle",
				"${PODS_ROOT}/FURenderKit/FURenderKit-v8.3.0/Resources/graphics/controller_cpp.bundle",
				"${PODS_ROOT}/FURenderKit/FURenderKit-v8.3.0/Resources/graphics/face_beautification.bundle",
				"${PODS_ROOT}/FURenderKit/FURenderKit-v8.3.0/Resources/graphics/face_makeup.bundle",
				"${PODS_ROOT}/FURenderKit/FURenderKit-v8.3.0/Resources/graphics/fuzzytoonfilter.bundle",
				"${PODS_ROOT}/FURenderKit/FURenderKit-v8.3.0/Resources/graphics/fxaa.bundle",
				"${PODS_ROOT}/FURenderKit/FURenderKit-v8.3.0/Resources/graphics/tongue.bundle",
				"${PODS_ROOT}/FURenderKit/FURenderKit-v8.3.0/Resources/model/ai_bgseg_green.bundle",
				"${PODS_ROOT}/FURenderKit/FURenderKit-v8.3.0/Resources/model/ai_face_processor.bundle",
				"${PODS_ROOT}/FURenderKit/FURenderKit-v8.3.0/Resources/model/ai_face_processor_lite.bundle",
				"${PODS_ROOT}/FURenderKit/FURenderKit-v8.3.0/Resources/model/ai_face_recognizer.bundle",
				"${PODS_ROOT}/FURenderKit/FURenderKit-v8.3.0/Resources/model/ai_hand_processor.bundle",
				"${PODS_ROOT}/FURenderKit/FURenderKit-v8.3.0/Resources/model/ai_human_processor.bundle",
				"${PODS_ROOT}/FURenderKit/FURenderKit-v8.3.0/Resources/model/ai_human_processor_gpu.bundle",
				"${PODS_CONFIGURATION_BUILD_DIR}/JGProgressHUD/JGProgressHUD.bundle",
			);
			name = "[CP] Copy Pods Resources";
			outputPaths = (
				"${TARGET_BUILD_DIR}/${UNLOCALIZED_RESOURCES_FOLDER_PATH}/body_slim.bundle",
				"${TARGET_BUILD_DIR}/${UNLOCALIZED_RESOURCES_FOLDER_PATH}/controller_cpp.bundle",
				"${TARGET_BUILD_DIR}/${UNLOCALIZED_RESOURCES_FOLDER_PATH}/face_beautification.bundle",
				"${TARGET_BUILD_DIR}/${UNLOCALIZED_RESOURCES_FOLDER_PATH}/face_makeup.bundle",
				"${TARGET_BUILD_DIR}/${UNLOCALIZED_RESOURCES_FOLDER_PATH}/fuzzytoonfilter.bundle",
				"${TARGET_BUILD_DIR}/${UNLOCALIZED_RESOURCES_FOLDER_PATH}/fxaa.bundle",
				"${TARGET_BUILD_DIR}/${UNLOCALIZED_RESOURCES_FOLDER_PATH}/tongue.bundle",
				"${TARGET_BUILD_DIR}/${UNLOCALIZED_RESOURCES_FOLDER_PATH}/ai_bgseg_green.bundle",
				"${TARGET_BUILD_DIR}/${UNLOCALIZED_RESOURCES_FOLDER_PATH}/ai_face_processor.bundle",
				"${TARGET_BUILD_DIR}/${UNLOCALIZED_RESOURCES_FOLDER_PATH}/ai_face_processor_lite.bundle",
				"${TARGET_BUILD_DIR}/${UNLOCALIZED_RESOURCES_FOLDER_PATH}/ai_face_recognizer.bundle",
				"${TARGET_BUILD_DIR}/${UNLOCALIZED_RESOURCES_FOLDER_PATH}/ai_hand_processor.bundle",
				"${TARGET_BUILD_DIR}/${UNLOCALIZED_RESOURCES_FOLDER_PATH}/ai_human_processor.bundle",
				"${TARGET_BUILD_DIR}/${UNLOCALIZED_RESOURCES_FOLDER_PATH}/ai_human_processor_gpu.bundle",
				"${TARGET_BUILD_DIR}/${UNLOCALIZED_RESOURCES_FOLDER_PATH}/JGProgressHUD.bundle",
			);
			runOnlyForDeploymentPostprocessing = 0;
			shellPath = /bin/sh;
			shellScript = "\"${PODS_ROOT}/Target Support Files/Pods-QNRTCKitDemo/Pods-QNRTCKitDemo-resources.sh\"\n";
			showEnvVarsInLog = 0;
		};
		45FBCD51C47E0F48596AE5CC /* [CP] Embed Pods Frameworks */ = {
			isa = PBXShellScriptBuildPhase;
			buildActionMask = 2147483647;
			files = (
			);
			inputPaths = (
				"${PODS_ROOT}/Target Support Files/Pods-QNRTCKitDemo/Pods-QNRTCKitDemo-frameworks.sh",
				"${PODS_ROOT}/FURenderKit/FURenderKit-v8.3.0/FURenderKit.framework",
				"${PODS_ROOT}/PLPlayerKit/Pod/Library/PLPlayerKit.framework",
				"${PODS_ROOT}/QNRTCKit/Pod/iphoneos/HappyDNS.framework",
				"${PODS_ROOT}/QNRTCKit/Pod/iphoneos/QNRTCKit.framework",
			);
			name = "[CP] Embed Pods Frameworks";
			outputPaths = (
				"${TARGET_BUILD_DIR}/${FRAMEWORKS_FOLDER_PATH}/FURenderKit.framework",
				"${TARGET_BUILD_DIR}/${FRAMEWORKS_FOLDER_PATH}/PLPlayerKit.framework",
				"${TARGET_BUILD_DIR}/${FRAMEWORKS_FOLDER_PATH}/HappyDNS.framework",
				"${TARGET_BUILD_DIR}/${FRAMEWORKS_FOLDER_PATH}/QNRTCKit.framework",
			);
			runOnlyForDeploymentPostprocessing = 0;
			shellPath = /bin/sh;
			shellScript = "\"${PODS_ROOT}/Target Support Files/Pods-QNRTCKitDemo/Pods-QNRTCKitDemo-frameworks.sh\"\n";
			showEnvVarsInLog = 0;
		};
		942A63FB5AAA43E9BE0ADEF9 /* Upload Bugsnag dSYM */ = {
			isa = PBXShellScriptBuildPhase;
			buildActionMask = 2147483647;
			files = (
			);
			inputPaths = (
			);
			name = "Upload Bugsnag dSYM";
			outputPaths = (
			);
			runOnlyForDeploymentPostprocessing = 0;
			shellPath = "/usr/bin/env ruby";
			shellScript = "fork do\n  Process.setsid\n  STDIN.reopen(\"/dev/null\")\n  STDOUT.reopen(\"/dev/null\", \"a\")\n  STDERR.reopen(\"/dev/null\", \"a\")\n\n  require 'shellwords'\n\n  Dir[\"#{ENV[\"DWARF_DSYM_FOLDER_PATH\"]}/*/Contents/Resources/DWARF/*\"].each do |dsym|\n    system(\"curl -F dsym=@#{Shellwords.escape(dsym)} -F projectRoot=#{Shellwords.escape(ENV[\"PROJECT_DIR\"])} https://upload.bugsnag.com/\")\n  end\nend\n";
			showEnvVarsInLog = 0;
		};
		FFF9D04D8766618C173CF452 /* [CP] Check Pods Manifest.lock */ = {
			isa = PBXShellScriptBuildPhase;
			buildActionMask = 2147483647;
			files = (
			);
			inputPaths = (
				"${PODS_PODFILE_DIR_PATH}/Podfile.lock",
				"${PODS_ROOT}/Manifest.lock",
			);
			name = "[CP] Check Pods Manifest.lock";
			outputPaths = (
				"$(DERIVED_FILE_DIR)/Pods-QNRTCKitDemo-checkManifestLockResult.txt",
			);
			runOnlyForDeploymentPostprocessing = 0;
			shellPath = /bin/sh;
			shellScript = "diff \"${PODS_PODFILE_DIR_PATH}/Podfile.lock\" \"${PODS_ROOT}/Manifest.lock\" > /dev/null\nif [ $? != 0 ] ; then\n    # print error to STDERR\n    echo \"error: The sandbox is not in sync with the Podfile.lock. Run 'pod install' or update your CocoaPods installation.\" >&2\n    exit 1\nfi\n# This output is used by Xcode 'outputs' to avoid re-running this script phase.\necho \"SUCCESS\" > \"${SCRIPT_OUTPUT_FILE_0}\"\n";
			showEnvVarsInLog = 0;
		};
/* End PBXShellScriptBuildPhase section */

/* Begin PBXSourcesBuildPhase section */
		B0C660501F94F98300999C9F /* Sources */ = {
			isa = PBXSourcesBuildPhase;
			buildActionMask = 2147483647;
			files = (
				BC0F654121B7A371006C1A0B /* QRDBaseViewController.m in Sources */,
				2DC9600D288E486C00A80478 /* FUTestRecorder.m in Sources */,
				2DC96035288E486C00A80478 /* FUManager.m in Sources */,
				2DC9601C288E486C00A80478 /* FUTipHUD.m in Sources */,
				2DC9600B288E486B00A80478 /* FUBeautyBodyViewModel.m in Sources */,
				B0A335DD20D2CF6F00098E94 /* QRDScreenRecorderViewController.m in Sources */,
				C30F0F8E200F58EF00A2A1CA /* QRDUserNameView.m in Sources */,
				2DC96008288E486B00A80478 /* FUStickerViewModel.m in Sources */,
				C3F800C8200E012A00ECDDC9 /* QRDLoginViewController.m in Sources */,
				BC99862121C8E7D3000E8942 /* QRDPureAudioViewController.m in Sources */,
				C30F0F8D200F58EF00A2A1CA /* QRDJoinRoomView.m in Sources */,
				2DC9601A288E486C00A80478 /* FUFunctionView.m in Sources */,
				2DC96019288E486C00A80478 /* FUSegmentBar.m in Sources */,
				2DC96014288E486C00A80478 /* FUMakeupModel.m in Sources */,
				C30F0F83200F416500A2A1CA /* QRDSettingViewController.m in Sources */,
				2DC96009288E486B00A80478 /* FUMakeupViewModel.m in Sources */,
				2DC96013288E486C00A80478 /* FUStickerModel.m in Sources */,
				2DC9600A288E486B00A80478 /* FUFilterViewModel.m in Sources */,
				9C55F1AE24938E1100C2063F /* QRDPlayerViewController.m in Sources */,
				2DC96005288E486B00A80478 /* FUViewModel.m in Sources */,
				2DC9600E288E486C00A80478 /* FUBeautyShapeModel.m in Sources */,
				2DC96017288E486C00A80478 /* FUSquareButton.m in Sources */,
				2DC96018288E486C00A80478 /* FUOthersFunctionView.m in Sources */,
				2DC9600C288E486B00A80478 /* FUDemoManager.m in Sources */,
				B0A335E420D2E39600098E94 /* QRDMicrophoneSource.m in Sources */,
				BC0F654321B7A371006C1A0B /* QRDUserView.m in Sources */,
				2DC96010288E486C00A80478 /* FUBeautyBodyModel.m in Sources */,
				BC0F653A21B78257006C1A0B /* QRDNetworkUtil.m in Sources */,
				B0C660591F94F98300999C9F /* AppDelegate.m in Sources */,
				764940AF212507370025ED41 /* QRDMergeInfo.m in Sources */,
				B0C6606A1F94F98300999C9F /* main.m in Sources */,
				BC0F652921B7708C006C1A0B /* UIView+Alert.m in Sources */,
				C30F0F98201033BD00A2A1CA /* QRDRTCViewController.m in Sources */,
				B07BB0CB2064E670009218C1 /* QRDAgreementViewController.m in Sources */,
				BC0F654221B7A371006C1A0B /* QRDScreenMainViewController.m in Sources */,
				2DC96016288E486C00A80478 /* FUSlider.m in Sources */,
				2DC96015288E486C00A80478 /* FUInsetsLabel.m in Sources */,
				C30F0F91200F590C00A2A1CA /* QRDSettingView.m in Sources */,
				2DC9601B288E486C00A80478 /* FUBeautyFunctionView.m in Sources */,
				2DC96007288E486B00A80478 /* FUBeautyShapeViewModel.m in Sources */,
				2DC96006288E486B00A80478 /* FUBeautySkinViewModel.m in Sources */,
				2DC9600F288E486C00A80478 /* FUBeautySkinModel.m in Sources */,
				2DC96011288E486C00A80478 /* FUFilterModel.m in Sources */,
				2DC96012288E486C00A80478 /* FUModel.m in Sources */,
				9C55F1AB24938DB600C2063F /* QRDMergeSettingView.m in Sources */,
			);
			runOnlyForDeploymentPostprocessing = 0;
		};
/* End PBXSourcesBuildPhase section */

/* Begin PBXVariantGroup section */
		2DC95FE7288E486B00A80478 /* FaceUnity.strings */ = {
			isa = PBXVariantGroup;
			children = (
				2DC95FE8288E486B00A80478 /* zh-Hans */,
				2DC95FFC288E486B00A80478 /* en */,
			);
			name = FaceUnity.strings;
			sourceTree = "<group>";
		};
		B0C660601F94F98300999C9F /* Main.storyboard */ = {
			isa = PBXVariantGroup;
			children = (
				B0C660611F94F98300999C9F /* Base */,
			);
			name = Main.storyboard;
			sourceTree = "<group>";
		};
		B0C660651F94F98300999C9F /* LaunchScreen.storyboard */ = {
			isa = PBXVariantGroup;
			children = (
				B0C660661F94F98300999C9F /* Base */,
			);
			name = LaunchScreen.storyboard;
			sourceTree = "<group>";
		};
/* End PBXVariantGroup section */

/* Begin XCBuildConfiguration section */
		B0C6606B1F94F98300999C9F /* Debug */ = {
			isa = XCBuildConfiguration;
			buildSettings = {
				ALWAYS_SEARCH_USER_PATHS = NO;
				CLANG_ANALYZER_NONNULL = YES;
				CLANG_ANALYZER_NUMBER_OBJECT_CONVERSION = YES_AGGRESSIVE;
				CLANG_CXX_LANGUAGE_STANDARD = "gnu++14";
				CLANG_CXX_LIBRARY = "libc++";
				CLANG_ENABLE_MODULES = YES;
				CLANG_ENABLE_OBJC_ARC = YES;
				CLANG_WARN_BLOCK_CAPTURE_AUTORELEASING = YES;
				CLANG_WARN_BOOL_CONVERSION = YES;
				CLANG_WARN_COMMA = YES;
				CLANG_WARN_CONSTANT_CONVERSION = YES;
				CLANG_WARN_DIRECT_OBJC_ISA_USAGE = YES_ERROR;
				CLANG_WARN_DOCUMENTATION_COMMENTS = YES;
				CLANG_WARN_EMPTY_BODY = YES;
				CLANG_WARN_ENUM_CONVERSION = YES;
				CLANG_WARN_INFINITE_RECURSION = YES;
				CLANG_WARN_INT_CONVERSION = YES;
				CLANG_WARN_NON_LITERAL_NULL_CONVERSION = YES;
				CLANG_WARN_OBJC_LITERAL_CONVERSION = YES;
				CLANG_WARN_OBJC_ROOT_CLASS = YES_ERROR;
				CLANG_WARN_RANGE_LOOP_ANALYSIS = YES;
				CLANG_WARN_STRICT_PROTOTYPES = YES;
				CLANG_WARN_SUSPICIOUS_MOVE = YES;
				CLANG_WARN_UNGUARDED_AVAILABILITY = YES_AGGRESSIVE;
				CLANG_WARN_UNREACHABLE_CODE = YES;
				CLANG_WARN__DUPLICATE_METHOD_MATCH = YES;
				CODE_SIGN_IDENTITY = "iPhone Developer";
				COPY_PHASE_STRIP = NO;
				DEBUG_INFORMATION_FORMAT = dwarf;
				ENABLE_STRICT_OBJC_MSGSEND = YES;
				ENABLE_TESTABILITY = YES;
				GCC_C_LANGUAGE_STANDARD = gnu11;
				GCC_DYNAMIC_NO_PIC = NO;
				GCC_NO_COMMON_BLOCKS = YES;
				GCC_OPTIMIZATION_LEVEL = 0;
				GCC_PREPROCESSOR_DEFINITIONS = (
					"DEBUG=1",
					"$(inherited)",
				);
				GCC_WARN_64_TO_32_BIT_CONVERSION = YES;
				GCC_WARN_ABOUT_RETURN_TYPE = YES_ERROR;
				GCC_WARN_UNDECLARED_SELECTOR = YES;
				GCC_WARN_UNINITIALIZED_AUTOS = YES_AGGRESSIVE;
				GCC_WARN_UNUSED_FUNCTION = YES;
				GCC_WARN_UNUSED_VARIABLE = YES;
				IPHONEOS_DEPLOYMENT_TARGET = 9.0;
				MTL_ENABLE_DEBUG_INFO = YES;
				ONLY_ACTIVE_ARCH = YES;
				SDKROOT = iphoneos;
			};
			name = Debug;
		};
		B0C6606C1F94F98300999C9F /* Release */ = {
			isa = XCBuildConfiguration;
			buildSettings = {
				ALWAYS_SEARCH_USER_PATHS = NO;
				CLANG_ANALYZER_NONNULL = YES;
				CLANG_ANALYZER_NUMBER_OBJECT_CONVERSION = YES_AGGRESSIVE;
				CLANG_CXX_LANGUAGE_STANDARD = "gnu++14";
				CLANG_CXX_LIBRARY = "libc++";
				CLANG_ENABLE_MODULES = YES;
				CLANG_ENABLE_OBJC_ARC = YES;
				CLANG_WARN_BLOCK_CAPTURE_AUTORELEASING = YES;
				CLANG_WARN_BOOL_CONVERSION = YES;
				CLANG_WARN_COMMA = YES;
				CLANG_WARN_CONSTANT_CONVERSION = YES;
				CLANG_WARN_DIRECT_OBJC_ISA_USAGE = YES_ERROR;
				CLANG_WARN_DOCUMENTATION_COMMENTS = YES;
				CLANG_WARN_EMPTY_BODY = YES;
				CLANG_WARN_ENUM_CONVERSION = YES;
				CLANG_WARN_INFINITE_RECURSION = YES;
				CLANG_WARN_INT_CONVERSION = YES;
				CLANG_WARN_NON_LITERAL_NULL_CONVERSION = YES;
				CLANG_WARN_OBJC_LITERAL_CONVERSION = YES;
				CLANG_WARN_OBJC_ROOT_CLASS = YES_ERROR;
				CLANG_WARN_RANGE_LOOP_ANALYSIS = YES;
				CLANG_WARN_STRICT_PROTOTYPES = YES;
				CLANG_WARN_SUSPICIOUS_MOVE = YES;
				CLANG_WARN_UNGUARDED_AVAILABILITY = YES_AGGRESSIVE;
				CLANG_WARN_UNREACHABLE_CODE = YES;
				CLANG_WARN__DUPLICATE_METHOD_MATCH = YES;
				CODE_SIGN_IDENTITY = "iPhone Developer";
				COPY_PHASE_STRIP = NO;
				DEBUG_INFORMATION_FORMAT = "dwarf-with-dsym";
				ENABLE_NS_ASSERTIONS = NO;
				ENABLE_STRICT_OBJC_MSGSEND = YES;
				GCC_C_LANGUAGE_STANDARD = gnu11;
				GCC_NO_COMMON_BLOCKS = YES;
				GCC_WARN_64_TO_32_BIT_CONVERSION = YES;
				GCC_WARN_ABOUT_RETURN_TYPE = YES_ERROR;
				GCC_WARN_UNDECLARED_SELECTOR = YES;
				GCC_WARN_UNINITIALIZED_AUTOS = YES_AGGRESSIVE;
				GCC_WARN_UNUSED_FUNCTION = YES;
				GCC_WARN_UNUSED_VARIABLE = YES;
				IPHONEOS_DEPLOYMENT_TARGET = 9.0;
				MTL_ENABLE_DEBUG_INFO = NO;
				SDKROOT = iphoneos;
				VALIDATE_PRODUCT = YES;
			};
			name = Release;
		};
		B0C6606E1F94F98300999C9F /* Debug */ = {
			isa = XCBuildConfiguration;
			baseConfigurationReference = D687BBCC4CE164F6C9657FE3 /* Pods-QNRTCKitDemo.debug.xcconfig */;
			buildSettings = {
				ALWAYS_SEARCH_USER_PATHS = NO;
				ASSETCATALOG_COMPILER_APPICON_NAME = AppIcon;
				CLANG_ALLOW_NON_MODULAR_INCLUDES_IN_FRAMEWORK_MODULES = YES;
				"CODE_SIGN_IDENTITY[sdk=iphoneos*]" = "iPhone Developer";
				CODE_SIGN_STYLE = Manual;
				DEBUG_INFORMATION_FORMAT = "dwarf-with-dsym";
				DEVELOPMENT_TEAM = 35A6KD62ZJ;
				ENABLE_BITCODE = NO;
				FRAMEWORK_SEARCH_PATHS = (
					"$(inherited)",
					"$(PROJECT_DIR)/QNRTCKitDemo/FaceUnity/Lib",
				);
				GCC_PREFIX_HEADER = QNRTCKitDemo/QRDPublicHeader.h;
				HEADER_SEARCH_PATHS = (
					"$(inherited)",
					"\"${PODS_ROOT}/Headers/Public\"",
					"\"${PODS_ROOT}/Headers/Public/Crashlytics\"",
					"\"${PODS_ROOT}/Headers/Public/Fabric\"",
				);
				INFOPLIST_FILE = "$(SRCROOT)/QNRTCKitDemo/Info.plist";
				IPHONEOS_DEPLOYMENT_TARGET = 9.0;
				LD_RUNPATH_SEARCH_PATHS = "$(inherited) @executable_path/Frameworks";
				LIBRARY_SEARCH_PATHS = (
					"$(PROJECT_DIR)/../QNRTCKit/**",
					"$(inherited)",
				);
				MARKETING_VERSION = 3.0.2;
				OTHER_LDFLAGS = (
					"$(OTHER_LDFLAGS)",
					"-ObjC",
					"$(inherited)",
				);
				PRODUCT_BUNDLE_IDENTIFIER = com.qbox.QNRTCKitDemo;
				PRODUCT_NAME = "$(TARGET_NAME)";
				PROVISIONING_PROFILE_SPECIFIER = FUWildcard;
				TARGETED_DEVICE_FAMILY = 1;
				USER_HEADER_SEARCH_PATHS = "";
			};
			name = Debug;
		};
		B0C6606F1F94F98300999C9F /* Release */ = {
			isa = XCBuildConfiguration;
			baseConfigurationReference = 474E520E8ACB91CC17307E39 /* Pods-QNRTCKitDemo.release.xcconfig */;
			buildSettings = {
				ALWAYS_SEARCH_USER_PATHS = NO;
				ASSETCATALOG_COMPILER_APPICON_NAME = AppIcon;
				CLANG_ALLOW_NON_MODULAR_INCLUDES_IN_FRAMEWORK_MODULES = YES;
				"CODE_SIGN_IDENTITY[sdk=iphoneos*]" = "iPhone Developer";
				CODE_SIGN_STYLE = Manual;
				DEVELOPMENT_TEAM = 35A6KD62ZJ;
				ENABLE_BITCODE = NO;
				FRAMEWORK_SEARCH_PATHS = (
					"$(inherited)",
					"$(PROJECT_DIR)/QNRTCKitDemo/FaceUnity/Lib",
				);
				GCC_PREFIX_HEADER = QNRTCKitDemo/QRDPublicHeader.h;
				HEADER_SEARCH_PATHS = (
					"$(inherited)",
					"\"${PODS_ROOT}/Headers/Public\"",
					"\"${PODS_ROOT}/Headers/Public/Crashlytics\"",
					"\"${PODS_ROOT}/Headers/Public/Fabric\"",
				);
				INFOPLIST_FILE = "$(SRCROOT)/QNRTCKitDemo/Info.plist";
				IPHONEOS_DEPLOYMENT_TARGET = 9.0;
				LD_RUNPATH_SEARCH_PATHS = "$(inherited) @executable_path/Frameworks";
				LIBRARY_SEARCH_PATHS = (
					"$(PROJECT_DIR)/../QNRTCKit/**",
					"$(inherited)",
				);
				MARKETING_VERSION = 3.0.2;
				OTHER_LDFLAGS = (
					"$(OTHER_LDFLAGS)",
					"-ObjC",
					"$(inherited)",
				);
				PRODUCT_BUNDLE_IDENTIFIER = com.qbox.QNRTCKitDemo;
				PRODUCT_NAME = "$(TARGET_NAME)";
				PROVISIONING_PROFILE_SPECIFIER = FUWildcard;
				TARGETED_DEVICE_FAMILY = 1;
				USER_HEADER_SEARCH_PATHS = "";
			};
			name = Release;
		};
/* End XCBuildConfiguration section */

/* Begin XCConfigurationList section */
		B0C6604F1F94F98200999C9F /* Build configuration list for PBXProject "QNRTCKitDemo" */ = {
			isa = XCConfigurationList;
			buildConfigurations = (
				B0C6606B1F94F98300999C9F /* Debug */,
				B0C6606C1F94F98300999C9F /* Release */,
			);
			defaultConfigurationIsVisible = 0;
			defaultConfigurationName = Release;
		};
		B0C6606D1F94F98300999C9F /* Build configuration list for PBXNativeTarget "QNRTCKitDemo" */ = {
			isa = XCConfigurationList;
			buildConfigurations = (
				B0C6606E1F94F98300999C9F /* Debug */,
				B0C6606F1F94F98300999C9F /* Release */,
			);
			defaultConfigurationIsVisible = 0;
			defaultConfigurationName = Release;
		};
/* End XCConfigurationList section */
	};
	rootObject = B0C6604C1F94F98200999C9F /* Project object */;
}
